{
  "nodes": {
    "flake-compat": {
      "flake": false,
      "locked": {
        "lastModified": 1747046372,
        "narHash": "sha256-CIVLLkVgvHYbgI2UpXvIIBJ12HWgX+fjA8Xf8PUmqCY=",
        "owner": "edolstra",
        "repo": "flake-compat",
        "rev": "9100a0f413b0c601e0533d1d94ffd501ce2e7885",
        "type": "github"
      },
      "original": {
        "owner": "edolstra",
        "repo": "flake-compat",
        "type": "github"
      }
    },
    "flake-parts": {
      "inputs": {
        "nixpkgs-lib": [
          "hercules-ci-effects",
          "nixpkgs"
        ]
      },
      "locked": {
        "lastModified": 1754487366,
        "narHash": "sha256-pHYj8gUBapuUzKV/kN/tR3Zvqc7o6gdFB9XKXIp1SQ8=",
        "owner": "hercules-ci",
        "repo": "flake-parts",
        "rev": "af66ad14b28a127c5c0f3bbb298218fc63528a18",
        "type": "github"
      },
      "original": {
        "id": "flake-parts",
        "type": "indirect"
      }
    },
    "flake-parts_2": {
      "inputs": {
        "nixpkgs-lib": [
          "nix-unit",
          "nixpkgs"
        ]
      },
      "locked": {
        "lastModified": 1754487366,
        "narHash": "sha256-pHYj8gUBapuUzKV/kN/tR3Zvqc7o6gdFB9XKXIp1SQ8=",
        "owner": "hercules-ci",
        "repo": "flake-parts",
        "rev": "af66ad14b28a127c5c0f3bbb298218fc63528a18",
        "type": "github"
      },
      "original": {
        "owner": "hercules-ci",
        "repo": "flake-parts",
        "type": "github"
      }
    },
    "gitignore": {
      "inputs": {
        "nixpkgs": [
          "pre-commit-hooks-nix",
          "nixpkgs"
        ]
      },
      "locked": {
        "lastModified": 1709087332,
        "narHash": "sha256-HG2cCnktfHsKV0s4XW83gU3F57gaTljL9KNSuG6bnQs=",
        "owner": "hercules-ci",
        "repo": "gitignore.nix",
        "rev": "637db329424fd7e46cf4185293b9cc8c88c95394",
        "type": "github"
      },
      "original": {
        "owner": "hercules-ci",
        "repo": "gitignore.nix",
        "type": "github"
      }
    },
    "hercules-ci-effects": {
      "inputs": {
        "flake-parts": "flake-parts",
        "nixpkgs": "nixpkgs"
      },
      "locked": {
        "lastModified": 1755233722,
        "narHash": "sha256-AavrbMltJKcC2Fx0lfJoZfmy7g87ebXU0ddVenhajLA=",
        "owner": "hercules-ci",
        "repo": "hercules-ci-effects",
        "rev": "99e03e72e3f7e13506f80ef9ebaedccb929d84d0",
        "type": "github"
      },
      "original": {
        "owner": "hercules-ci",
        "repo": "hercules-ci-effects",
        "type": "github"
      }
    },
    "nix-unit": {
      "inputs": {
        "flake-parts": "flake-parts_2",
        "nixpkgs": "nixpkgs_2",
        "treefmt-nix": "treefmt-nix"
      },
      "locked": {
        "lastModified": 1754985033,
        "narHash": "sha256-OLaoMtlNL5AvYuaQ5P4p7riy7M9J8XpFdWKpD5RzQfU=",
        "owner": "nix-community",
        "repo": "nix-unit",
        "rev": "388045c7bee5a2617cca8e94444bea1862df19ac",
        "type": "github"
      },
      "original": {
        "owner": "nix-community",
        "repo": "nix-unit",
        "type": "github"
      }
    },
    "nixpkgs": {
      "locked": {
        "lastModified": 1755027561,
        "narHash": "sha256-IVft239Bc8p8Dtvf7UAACMG5P3ZV+3/aO28gXpGtMXI=",
        "owner": "NixOS",
        "repo": "nixpkgs",
        "rev": "005433b926e16227259a1843015b5b2b7f7d1fc3",
        "type": "github"
      },
      "original": {
        "owner": "NixOS",
        "ref": "nixos-unstable",
        "repo": "nixpkgs",
        "type": "github"
      }
    },
    "nixpkgs_2": {
      "locked": {
        "lastModified": 1754800730,
        "narHash": "sha256-HfVZCXic9XLBgybP0318ym3cDnGwBs/+H5MgxFVYF4I=",
        "owner": "NixOS",
        "repo": "nixpkgs",
        "rev": "641d909c4a7538f1539da9240dedb1755c907e40",
        "type": "github"
      },
      "original": {
        "owner": "NixOS",
        "ref": "nixpkgs-unstable",
        "repo": "nixpkgs",
        "type": "github"
      }
    },
    "pre-commit-hooks-nix": {
      "inputs": {
        "flake-compat": "flake-compat",
        "gitignore": "gitignore",
        "nixpkgs": []
      },
      "locked": {
        "lastModified": 1755960406,
        "narHash": "sha256-RF7j6C1TmSTK9tYWO6CdEMtg6XZaUKcvZwOCD2SICZs=",
        "owner": "cachix",
        "repo": "pre-commit-hooks.nix",
        "rev": "e891a93b193fcaf2fc8012d890dc7f0befe86ec2",
        "type": "github"
      },
      "original": {
        "owner": "cachix",
        "repo": "pre-commit-hooks.nix",
        "type": "github"
      }
    },
    "root": {
      "inputs": {
        "hercules-ci-effects": "hercules-ci-effects",
        "nix-unit": "nix-unit",
        "pre-commit-hooks-nix": "pre-commit-hooks-nix"
      }
    },
    "treefmt-nix": {
      "inputs": {
        "nixpkgs": [
          "nix-unit",
          "nixpkgs"
        ]
      },
      "locked": {
        "lastModified": 1754847726,
        "narHash": "sha256-2vX8QjO5lRsDbNYvN9hVHXLU6oMl+V/PsmIiJREG4rE=",
        "owner": "numtide",
        "repo": "treefmt-nix",
        "rev": "7d81f6fb2e19bf84f1c65135d1060d829fae2408",
        "type": "github"
      },
      "original": {
        "owner": "numtide",
        "repo": "treefmt-nix",
        "type": "github"
      }
    }
  },
  "root": "root",
  "version": 7
}
